
Microsoft Visual Studio Solution File, Format Version 12.00
# Visual Studio Version 17
VisualStudioVersion = 17.7.34003.232
MinimumVisualStudioVersion = 10.0.40219.1
Project("{9A19103F-16F7-4668-BE54-9A1E7A4F7556}") = "ShopCart", "ShopCart\ShopCart.csproj", "{9B575E84-AED9-43A3-A469-B0402E8E771D}"
EndProject
Project("{FAE04EC0-301F-11D3-BF4B-00C04F79EFBC}") = "Client", "Client\Client.csproj", "{8F1E46A0-6647-44DF-AF06-FF16C88D9881}"
EndProject
Global
	GlobalSection(SolutionConfigurationPlatforms) = preSolution
		Debug|Any CPU = Debug|Any CPU
		Release|Any CPU = Release|Any CPU
	EndGlobalSection
	GlobalSection(ProjectConfigurationPlatforms) = postSolution
		{9B575E84-AED9-43A3-A469-B0402E8E771D}.Debug|Any CPU.ActiveCfg = Debug|Any CPU
		{9B575E84-AED9-43A3-A469-B0402E8E771D}.Debug|Any CPU.Build.0 = Debug|Any CPU
		{9B575E84-AED9-43A3-A469-B0402E8E771D}.Release|Any CPU.ActiveCfg = Release|Any CPU
		{9B575E84-AED9-43A3-A469-B0402E8E771D}.Release|Any CPU.Build.0 = Release|Any CPU
		{8F1E46A0-6647-44DF-AF06-FF16C88D9881}.Debug|Any CPU.ActiveCfg = Debug|Any CPU
		{8F1E46A0-6647-44DF-AF06-FF16C88D9881}.Debug|Any CPU.Build.0 = Debug|Any CPU
		{8F1E46A0-6647-44DF-AF06-FF16C88D9881}.Release|Any CPU.ActiveCfg = Release|Any CPU
		{8F1E46A0-6647-44DF-AF06-FF16C88D9881}.Release|Any CPU.Build.0 = Release|Any CPU
	EndGlobalSection
	GlobalSection(SolutionProperties) = preSolution
		HideSolutionNode = FALSE
	EndGlobalSection
	GlobalSection(ExtensibilityGlobals) = postSolution
		SolutionGuid = {AF65DFF2-6E7F-4FB8-8510-99202BA2A772}
	EndGlobalSection
EndGlobal
